
Microsoft Visual Studio Solution File, Format Version 12.00
# Visual Studio Version 16
VisualStudioVersion = 16.0.32228.343
MinimumVisualStudioVersion = 10.0.40219.1
Project("{8BC9CEB8-8B4A-11D0-8D11-00A0C91BC942}") = "23", "Lab4\Lab4.vcxproj", "{7BB1B5F6-9AC2-4987-A2ED-4CB3C5CBAB59}"
EndProject
Project("{8BC9CEB8-8B4A-11D0-8D11-00A0C91BC942}") = "24", "24\24.vcxproj", "{7095C4EC-C3DE-4F04-951C-67A3D8857B9B}"
EndProject
Project("{8BC9CEB8-8B4A-11D0-8D11-00A0C91BC942}") = "25", "25\25.vcxproj", "{101C92ED-6ECD-4981-A2DA-3A69943F7B52}"
EndProject
Project("{8BC9CEB8-8B4A-11D0-8D11-00A0C91BC942}") = "26", "26\26.vcxproj", "{2C222D4F-D6AB-43C7-9CBE-0C9C52558BF0}"
EndProject
Global
	GlobalSection(SolutionConfigurationPlatforms) = preSolution
		Debug|x64 = Debug|x64
		Debug|x86 = Debug|x86
		Release|x64 = Release|x64
		Release|x86 = Release|x86
	EndGlobalSection
	GlobalSection(ProjectConfigurationPlatforms) = postSolution
		{7BB1B5F6-9AC2-4987-A2ED-4CB3C5CBAB59}.Debug|x64.ActiveCfg = Debug|x64
		{7BB1B5F6-9AC2-4987-A2ED-4CB3C5CBAB59}.Debug|x64.Build.0 = Debug|x64
		{7BB1B5F6-9AC2-4987-A2ED-4CB3C5CBAB59}.Debug|x86.ActiveCfg = Debug|Win32
		{7BB1B5F6-9AC2-4987-A2ED-4CB3C5CBAB59}.Debug|x86.Build.0 = Debug|Win32
		{7BB1B5F6-9AC2-4987-A2ED-4CB3C5CBAB59}.Release|x64.ActiveCfg = Release|x64
		{7BB1B5F6-9AC2-4987-A2ED-4CB3C5CBAB59}.Release|x64.Build.0 = Release|x64
		{7BB1B5F6-9AC2-4987-A2ED-4CB3C5CBAB59}.Release|x86.ActiveCfg = Release|Win32
		{7BB1B5F6-9AC2-4987-A2ED-4CB3C5CBAB59}.Release|x86.Build.0 = Release|Win32
		{7095C4EC-C3DE-4F04-951C-67A3D8857B9B}.Debug|x64.ActiveCfg = Debug|x64
		{7095C4EC-C3DE-4F04-951C-67A3D8857B9B}.Debug|x64.Build.0 = Debug|x64
		{7095C4EC-C3DE-4F04-951C-67A3D8857B9B}.Debug|x86.ActiveCfg = Debug|Win32
		{7095C4EC-C3DE-4F04-951C-67A3D8857B9B}.Debug|x86.Build.0 = Debug|Win32
		{7095C4EC-C3DE-4F04-951C-67A3D8857B9B}.Release|x64.ActiveCfg = Release|x64
		{7095C4EC-C3DE-4F04-951C-67A3D8857B9B}.Release|x64.Build.0 = Release|x64
		{7095C4EC-C3DE-4F04-951C-67A3D8857B9B}.Release|x86.ActiveCfg = Release|Win32
		{7095C4EC-C3DE-4F04-951C-67A3D8857B9B}.Release|x86.Build.0 = Release|Win32
		{101C92ED-6ECD-4981-A2DA-3A69943F7B52}.Debug|x64.ActiveCfg = Debug|x64
		{101C92ED-6ECD-4981-A2DA-3A69943F7B52}.Debug|x64.Build.0 = Debug|x64
		{101C92ED-6ECD-4981-A2DA-3A69943F7B52}.Debug|x86.ActiveCfg = Debug|Win32
		{101C92ED-6ECD-4981-A2DA-3A69943F7B52}.Debug|x86.Build.0 = Debug|Win32
		{101C92ED-6ECD-4981-A2DA-3A69943F7B52}.Release|x64.ActiveCfg = Release|x64
		{101C92ED-6ECD-4981-A2DA-3A69943F7B52}.Release|x64.Build.0 = Release|x64
		{101C92ED-6ECD-4981-A2DA-3A69943F7B52}.Release|x86.ActiveCfg = Release|Win32
		{101C92ED-6ECD-4981-A2DA-3A69943F7B52}.Release|x86.Build.0 = Release|Win32
		{2C222D4F-D6AB-43C7-9CBE-0C9C52558BF0}.Debug|x64.ActiveCfg = Debug|x64
		{2C222D4F-D6AB-43C7-9CBE-0C9C52558BF0}.Debug|x64.Build.0 = Debug|x64
		{2C222D4F-D6AB-43C7-9CBE-0C9C52558BF0}.Debug|x86.ActiveCfg = Debug|Win32
		{2C222D4F-D6AB-43C7-9CBE-0C9C52558BF0}.Debug|x86.Build.0 = Debug|Win32
		{2C222D4F-D6AB-43C7-9CBE-0C9C52558BF0}.Release|x64.ActiveCfg = Release|x64
		{2C222D4F-D6AB-43C7-9CBE-0C9C52558BF0}.Release|x64.Build.0 = Release|x64
		{2C222D4F-D6AB-43C7-9CBE-0C9C52558BF0}.Release|x86.ActiveCfg = Release|Win32
		{2C222D4F-D6AB-43C7-9CBE-0C9C52558BF0}.Release|x86.Build.0 = Release|Win32
	EndGlobalSection
	GlobalSection(SolutionProperties) = preSolution
		HideSolutionNode = FALSE
	EndGlobalSection
	GlobalSection(ExtensibilityGlobals) = postSolution
		SolutionGuid = {FC068FCE-B08B-464A-BA3B-6A4B4BC7F2FA}
	EndGlobalSection
EndGlobal
